
Microsoft Visual Studio Solution File, Format Version 12.00
# Visual Studio Version 17
VisualStudioVersion = 17.0.31903.59
MinimumVisualStudioVersion = 10.0.40219.1
Project("{FAE04EC0-301F-11D3-BF4B-00C04F79EFBC}") = "SqsExporter", "SqsExporter\SqsExporter.csproj", "{F967CF72-A5D3-436D-AF5E-280D11F94F67}"
EndProject
Project("{FAE04EC0-301F-11D3-BF4B-00C04F79EFBC}") = "SqsExporter.Tests", "SqsExporter.Tests\SqsExporter.Tests.csproj", "{0E7E4FE8-DD6B-455B-A0E0-079851BEFEFA}"
EndProject
Global
	GlobalSection(SolutionConfigurationPlatforms) = preSolution
		Debug|Any CPU = Debug|Any CPU
		Debug|x64 = Debug|x64
		Debug|x86 = Debug|x86
		Release|Any CPU = Release|Any CPU
		Release|x64 = Release|x64
		Release|x86 = Release|x86
	EndGlobalSection
	GlobalSection(ProjectConfigurationPlatforms) = postSolution
		{F967CF72-A5D3-436D-AF5E-280D11F94F67}.Debug|Any CPU.ActiveCfg = Debug|Any CPU
		{F967CF72-A5D3-436D-AF5E-280D11F94F67}.Debug|Any CPU.Build.0 = Debug|Any CPU
		{F967CF72-A5D3-436D-AF5E-280D11F94F67}.Debug|x64.ActiveCfg = Debug|Any CPU
		{F967CF72-A5D3-436D-AF5E-280D11F94F67}.Debug|x64.Build.0 = Debug|Any CPU
		{F967CF72-A5D3-436D-AF5E-280D11F94F67}.Debug|x86.ActiveCfg = Debug|Any CPU
		{F967CF72-A5D3-436D-AF5E-280D11F94F67}.Debug|x86.Build.0 = Debug|Any CPU
		{F967CF72-A5D3-436D-AF5E-280D11F94F67}.Release|Any CPU.ActiveCfg = Release|Any CPU
		{F967CF72-A5D3-436D-AF5E-280D11F94F67}.Release|Any CPU.Build.0 = Release|Any CPU
		{F967CF72-A5D3-436D-AF5E-280D11F94F67}.Release|x64.ActiveCfg = Release|Any CPU
		{F967CF72-A5D3-436D-AF5E-280D11F94F67}.Release|x64.Build.0 = Release|Any CPU
		{F967CF72-A5D3-436D-AF5E-280D11F94F67}.Release|x86.ActiveCfg = Release|Any CPU
		{F967CF72-A5D3-436D-AF5E-280D11F94F67}.Release|x86.Build.0 = Release|Any CPU
		{0E7E4FE8-DD6B-455B-A0E0-079851BEFEFA}.Debug|Any CPU.ActiveCfg = Debug|Any CPU
		{0E7E4FE8-DD6B-455B-A0E0-079851BEFEFA}.Debug|Any CPU.Build.0 = Debug|Any CPU
		{0E7E4FE8-DD6B-455B-A0E0-079851BEFEFA}.Debug|x64.ActiveCfg = Debug|Any CPU
		{0E7E4FE8-DD6B-455B-A0E0-079851BEFEFA}.Debug|x64.Build.0 = Debug|Any CPU
		{0E7E4FE8-DD6B-455B-A0E0-079851BEFEFA}.Debug|x86.ActiveCfg = Debug|Any CPU
		{0E7E4FE8-DD6B-455B-A0E0-079851BEFEFA}.Debug|x86.Build.0 = Debug|Any CPU
		{0E7E4FE8-DD6B-455B-A0E0-079851BEFEFA}.Release|Any CPU.ActiveCfg = Release|Any CPU
		{0E7E4FE8-DD6B-455B-A0E0-079851BEFEFA}.Release|Any CPU.Build.0 = Release|Any CPU
		{0E7E4FE8-DD6B-455B-A0E0-079851BEFEFA}.Release|x64.ActiveCfg = Release|Any CPU
		{0E7E4FE8-DD6B-455B-A0E0-079851BEFEFA}.Release|x64.Build.0 = Release|Any CPU
		{0E7E4FE8-DD6B-455B-A0E0-079851BEFEFA}.Release|x86.ActiveCfg = Release|Any CPU
		{0E7E4FE8-DD6B-455B-A0E0-079851BEFEFA}.Release|x86.Build.0 = Release|Any CPU
	EndGlobalSection
	GlobalSection(SolutionProperties) = preSolution
		HideSolutionNode = FALSE
	EndGlobalSection
EndGlobal
